
Microsoft Visual Studio Solution File, Format Version 12.00
# Visual Studio 15
VisualStudioVersion = 15.0.27703.2026
MinimumVisualStudioVersion = 10.0.40219.1
Project("{9A19103F-16F7-4668-BE54-9A1E7A4F7556}") = "TestInfluxDB", "TestInfluxDB\TestInfluxDB.csproj", "{FB3B9E2A-6174-43CA-A56C-015EAF75B476}"
EndProject
Project("{FAE04EC0-301F-11D3-BF4B-00C04F79EFBC}") = "RepositoryFramework", "RepositoryFramework\RepositoryFramework.csproj", "{1C2C4839-FC2F-4806-9DF2-71A1B9168351}"
EndProject
Global
	GlobalSection(SolutionConfigurationPlatforms) = preSolution
		Debug|Any CPU = Debug|Any CPU
		Release|Any CPU = Release|Any CPU
	EndGlobalSection
	GlobalSection(ProjectConfigurationPlatforms) = postSolution
		{FB3B9E2A-6174-43CA-A56C-015EAF75B476}.Debug|Any CPU.ActiveCfg = Debug|Any CPU
		{FB3B9E2A-6174-43CA-A56C-015EAF75B476}.Debug|Any CPU.Build.0 = Debug|Any CPU
		{FB3B9E2A-6174-43CA-A56C-015EAF75B476}.Release|Any CPU.ActiveCfg = Release|Any CPU
		{FB3B9E2A-6174-43CA-A56C-015EAF75B476}.Release|Any CPU.Build.0 = Release|Any CPU
		{1C2C4839-FC2F-4806-9DF2-71A1B9168351}.Debug|Any CPU.ActiveCfg = Debug|Any CPU
		{1C2C4839-FC2F-4806-9DF2-71A1B9168351}.Debug|Any CPU.Build.0 = Debug|Any CPU
		{1C2C4839-FC2F-4806-9DF2-71A1B9168351}.Release|Any CPU.ActiveCfg = Release|Any CPU
		{1C2C4839-FC2F-4806-9DF2-71A1B9168351}.Release|Any CPU.Build.0 = Release|Any CPU
	EndGlobalSection
	GlobalSection(SolutionProperties) = preSolution
		HideSolutionNode = FALSE
	EndGlobalSection
	GlobalSection(ExtensibilityGlobals) = postSolution
		SolutionGuid = {481392B0-37BB-4FD7-87FF-D88DDC8A152A}
	EndGlobalSection
EndGlobal
